
Microsoft Visual Studio Solution File, Format Version 12.00
# Visual Studio 15
VisualStudioVersion = 15.0.27428.1
MinimumVisualStudioVersion = 10.0.40219.1
Project("{FAE04EC0-301F-11D3-BF4B-00C04F79EFBC}") = "LSTKReader", "LSTKReader\LSTKReader.csproj", "{B027351E-66E6-4B3F-BD62-0C569E589490}"
EndProject
Global
	GlobalSection(SolutionConfigurationPlatforms) = preSolution
		Debug|Any CPU = Debug|Any CPU
		Release|Any CPU = Release|Any CPU
	EndGlobalSection
	GlobalSection(ProjectConfigurationPlatforms) = postSolution
		{B027351E-66E6-4B3F-BD62-0C569E589490}.Debug|Any CPU.ActiveCfg = Debug|Any CPU
		{B027351E-66E6-4B3F-BD62-0C569E589490}.Debug|Any CPU.Build.0 = Debug|Any CPU
		{B027351E-66E6-4B3F-BD62-0C569E589490}.Release|Any CPU.ActiveCfg = Release|Any CPU
		{B027351E-66E6-4B3F-BD62-0C569E589490}.Release|Any CPU.Build.0 = Release|Any CPU
	EndGlobalSection
	GlobalSection(SolutionProperties) = preSolution
		HideSolutionNode = FALSE
	EndGlobalSection
	GlobalSection(ExtensibilityGlobals) = postSolution
		SolutionGuid = {64F2A3A8-99E6-49FD-8D6B-9F3049BA7EEA}
	EndGlobalSection
EndGlobal
